
Microsoft Visual Studio Solution File, Format Version 12.00
# Visual Studio Version 16
VisualStudioVersion = 16.0.30413.136
MinimumVisualStudioVersion = 10.0.40219.1
Project("{FAE04EC0-301F-11D3-BF4B-00C04F79EFBC}") = "MyWebApplicationPB", "MyWebApplicationPB\MyWebApplicationPB.csproj", "{D41FC7C0-1E3E-4B3B-BCF0-816B15052682}"
EndProject
Global
	GlobalSection(SolutionConfigurationPlatforms) = preSolution
		Debug|Any CPU = Debug|Any CPU
		Release|Any CPU = Release|Any CPU
	EndGlobalSection
	GlobalSection(ProjectConfigurationPlatforms) = postSolution
		{D41FC7C0-1E3E-4B3B-BCF0-816B15052682}.Debug|Any CPU.ActiveCfg = Debug|Any CPU
		{D41FC7C0-1E3E-4B3B-BCF0-816B15052682}.Debug|Any CPU.Build.0 = Debug|Any CPU
		{D41FC7C0-1E3E-4B3B-BCF0-816B15052682}.Release|Any CPU.ActiveCfg = Release|Any CPU
		{D41FC7C0-1E3E-4B3B-BCF0-816B15052682}.Release|Any CPU.Build.0 = Release|Any CPU
	EndGlobalSection
	GlobalSection(SolutionProperties) = preSolution
		HideSolutionNode = FALSE
	EndGlobalSection
	GlobalSection(ExtensibilityGlobals) = postSolution
		SolutionGuid = {8FFF9B43-AF42-4DC4-AA7B-26097A405096}
	EndGlobalSection
EndGlobal
